
Microsoft Visual Studio Solution File, Format Version 12.00
# Visual Studio Version 16
VisualStudioVersion = 16.0.31515.178
MinimumVisualStudioVersion = 10.0.40219.1
Project("{FAE04EC0-301F-11D3-BF4B-00C04F79EFBC}") = "ExplorerHub", "ExplorerHub\ExplorerHub.csproj", "{5C0F947B-D824-404F-96B0-B4316F69AE2F}"
EndProject
Project("{FAE04EC0-301F-11D3-BF4B-00C04F79EFBC}") = "ExplorerHub.Framework", "ExplorerHub.Framework\ExplorerHub.Framework.csproj", "{C3DD16EE-D4DD-4F3F-8EFE-28CE935CFD84}"
EndProject
Project("{FAE04EC0-301F-11D3-BF4B-00C04F79EFBC}") = "ExplorerHub.ViewModels", "ExplorerHub.ViewModels\ExplorerHub.ViewModels.csproj", "{AF954FCA-47C0-4321-AF0A-42B3118B32CA}"
EndProject
Project("{FAE04EC0-301F-11D3-BF4B-00C04F79EFBC}") = "ExplorerHub.Infrastructure", "ExplorerHub.Infrastructure\ExplorerHub.Infrastructure.csproj", "{2B8A799B-3E79-456A-B551-8149A79D5E7D}"
EndProject
Global
	GlobalSection(SolutionConfigurationPlatforms) = preSolution
		Debug|Any CPU = Debug|Any CPU
		Release|Any CPU = Release|Any CPU
	EndGlobalSection
	GlobalSection(ProjectConfigurationPlatforms) = postSolution
		{5C0F947B-D824-404F-96B0-B4316F69AE2F}.Debug|Any CPU.ActiveCfg = Debug|Any CPU
		{5C0F947B-D824-404F-96B0-B4316F69AE2F}.Debug|Any CPU.Build.0 = Debug|Any CPU
		{5C0F947B-D824-404F-96B0-B4316F69AE2F}.Release|Any CPU.ActiveCfg = Release|Any CPU
		{5C0F947B-D824-404F-96B0-B4316F69AE2F}.Release|Any CPU.Build.0 = Release|Any CPU
		{C3DD16EE-D4DD-4F3F-8EFE-28CE935CFD84}.Debug|Any CPU.ActiveCfg = Debug|Any CPU
		{C3DD16EE-D4DD-4F3F-8EFE-28CE935CFD84}.Debug|Any CPU.Build.0 = Debug|Any CPU
		{C3DD16EE-D4DD-4F3F-8EFE-28CE935CFD84}.Release|Any CPU.ActiveCfg = Release|Any CPU
		{C3DD16EE-D4DD-4F3F-8EFE-28CE935CFD84}.Release|Any CPU.Build.0 = Release|Any CPU
		{AF954FCA-47C0-4321-AF0A-42B3118B32CA}.Debug|Any CPU.ActiveCfg = Debug|Any CPU
		{AF954FCA-47C0-4321-AF0A-42B3118B32CA}.Debug|Any CPU.Build.0 = Debug|Any CPU
		{AF954FCA-47C0-4321-AF0A-42B3118B32CA}.Release|Any CPU.ActiveCfg = Release|Any CPU
		{AF954FCA-47C0-4321-AF0A-42B3118B32CA}.Release|Any CPU.Build.0 = Release|Any CPU
		{2B8A799B-3E79-456A-B551-8149A79D5E7D}.Debug|Any CPU.ActiveCfg = Debug|Any CPU
		{2B8A799B-3E79-456A-B551-8149A79D5E7D}.Debug|Any CPU.Build.0 = Debug|Any CPU
		{2B8A799B-3E79-456A-B551-8149A79D5E7D}.Release|Any CPU.ActiveCfg = Release|Any CPU
		{2B8A799B-3E79-456A-B551-8149A79D5E7D}.Release|Any CPU.Build.0 = Release|Any CPU
	EndGlobalSection
	GlobalSection(SolutionProperties) = preSolution
		HideSolutionNode = FALSE
	EndGlobalSection
	GlobalSection(ExtensibilityGlobals) = postSolution
		SolutionGuid = {2264A530-681D-4EF5-8764-A01063B2FCF3}
	EndGlobalSection
EndGlobal
