
Microsoft Visual Studio Solution File, Format Version 12.00
# Visual Studio Version 16
VisualStudioVersion = 16.0.31515.178
MinimumVisualStudioVersion = 10.0.40219.1
Project("{FAE04EC0-301F-11D3-BF4B-00C04F79EFBC}") = "ExplorerHub", "ExplorerHub\ExplorerHub.csproj", "{5C0F947B-D824-404F-96B0-B4316F69AE2F}"
EndProject
Project("{9A19103F-16F7-4668-BE54-9A1E7A4F7556}") = "ExplorerHub.Framework", "ExplorerHub.Framework\ExplorerHub.Framework.csproj", "{C3DD16EE-D4DD-4F3F-8EFE-28CE935CFD84}"
EndProject
Project("{FAE04EC0-301F-11D3-BF4B-00C04F79EFBC}") = "ExplorerHub.ViewModels", "ExplorerHub.ViewModels\ExplorerHub.ViewModels.csproj", "{AF954FCA-47C0-4321-AF0A-42B3118B32CA}"
EndProject
Project("{FAE04EC0-301F-11D3-BF4B-00C04F79EFBC}") = "ExplorerHub.Infrastructure", "ExplorerHub.Infrastructure\ExplorerHub.Infrastructure.csproj", "{2B8A799B-3E79-456A-B551-8149A79D5E7D}"
EndProject
Project("{2150E333-8FDC-42A3-9474-1A3956D46DE8}") = "01.WPF", "01.WPF", "{E31D4478-3E8D-440B-A89F-6F4D6CF5FAE8}"
EndProject
Project("{2150E333-8FDC-42A3-9474-1A3956D46DE8}") = "02.DataLogic", "02.DataLogic", "{CF15D4E3-579F-4444-A0C9-A31DD170BF7E}"
EndProject
Project("{9A19103F-16F7-4668-BE54-9A1E7A4F7556}") = "ExplorerHub.Domain", "ExplorerHub.Domain\ExplorerHub.Domain.csproj", "{8777E16A-5E74-4E49-9802-82E18A9C033E}"
EndProject
Project("{9A19103F-16F7-4668-BE54-9A1E7A4F7556}") = "ExplorerHub.EfCore", "ExplorerHub.EfCore\ExplorerHub.EfCore.csproj", "{7F862875-0144-4608-850C-66EFC57E8DA3}"
EndProject
Project("{2150E333-8FDC-42A3-9474-1A3956D46DE8}") = "00.Common", "00.Common", "{2891742F-31EF-40F9-AE4D-0DFB0E3C6A9F}"
EndProject
Project("{9A19103F-16F7-4668-BE54-9A1E7A4F7556}") = "ExplorerHub.Applications", "ExplorerHub.Applications\ExplorerHub.Applications.csproj", "{0212BB64-99BB-44BC-BF7C-678963656D12}"
EndProject
Project("{9A19103F-16F7-4668-BE54-9A1E7A4F7556}") = "ExplorerHub.Applications.Contract", "ExplorerHub.Applications.Contract\ExplorerHub.Applications.Contract.csproj", "{9E62A8FD-CD90-4B4C-865A-A950DADF8761}"
EndProject
Project("{9A19103F-16F7-4668-BE54-9A1E7A4F7556}") = "ExplorerHub.Domain.Contract", "ExplorerHub.Domain.Contract\ExplorerHub.Domain.Contract.csproj", "{9D8866BD-C79F-4C45-B1DA-F82DAC7A31DB}"
EndProject
Project("{2150E333-8FDC-42A3-9474-1A3956D46DE8}") = "04.Infrastructures", "04.Infrastructures", "{B4F13F85-05BF-4964-9ED1-671F9B3A44BF}"
EndProject
Project("{FAE04EC0-301F-11D3-BF4B-00C04F79EFBC}") = "ExplorerHub.Framework.Impl", "ExplorerHub.Framework.Impl\ExplorerHub.Framework.Impl.csproj", "{F415070B-A883-4170-92C8-C00A0F9AC46F}"
EndProject
Project("{FAE04EC0-301F-11D3-BF4B-00C04F79EFBC}") = "ExplorerHub.Framework.DDD", "ExplorerHub.Framework.DDD\ExplorerHub.Framework.DDD.csproj", "{C8717666-D05F-4515-92AE-9553B8E07C89}"
EndProject
Project("{FAE04EC0-301F-11D3-BF4B-00C04F79EFBC}") = "ExplorerHub.Framework.DDD.Impl", "ExplorerHub.Framework.DDD.Impl\ExplorerHub.Framework.DDD.Impl.csproj", "{B6FDE210-4AA0-49CF-AADC-3E16DCE51C91}"
EndProject
Project("{FAE04EC0-301F-11D3-BF4B-00C04F79EFBC}") = "ExplorerHub.Framework.WPF", "ExplorerHub.Framework.WPF\ExplorerHub.Framework.WPF.csproj", "{A776AFB7-D677-4110-9F9B-B354079D732A}"
EndProject
Global
	GlobalSection(SolutionConfigurationPlatforms) = preSolution
		Debug|Any CPU = Debug|Any CPU
		Release|Any CPU = Release|Any CPU
	EndGlobalSection
	GlobalSection(ProjectConfigurationPlatforms) = postSolution
		{5C0F947B-D824-404F-96B0-B4316F69AE2F}.Debug|Any CPU.ActiveCfg = Debug|Any CPU
		{5C0F947B-D824-404F-96B0-B4316F69AE2F}.Debug|Any CPU.Build.0 = Debug|Any CPU
		{5C0F947B-D824-404F-96B0-B4316F69AE2F}.Release|Any CPU.ActiveCfg = Release|Any CPU
		{5C0F947B-D824-404F-96B0-B4316F69AE2F}.Release|Any CPU.Build.0 = Release|Any CPU
		{C3DD16EE-D4DD-4F3F-8EFE-28CE935CFD84}.Debug|Any CPU.ActiveCfg = Debug|Any CPU
		{C3DD16EE-D4DD-4F3F-8EFE-28CE935CFD84}.Debug|Any CPU.Build.0 = Debug|Any CPU
		{C3DD16EE-D4DD-4F3F-8EFE-28CE935CFD84}.Release|Any CPU.ActiveCfg = Release|Any CPU
		{C3DD16EE-D4DD-4F3F-8EFE-28CE935CFD84}.Release|Any CPU.Build.0 = Release|Any CPU
		{AF954FCA-47C0-4321-AF0A-42B3118B32CA}.Debug|Any CPU.ActiveCfg = Debug|Any CPU
		{AF954FCA-47C0-4321-AF0A-42B3118B32CA}.Debug|Any CPU.Build.0 = Debug|Any CPU
		{AF954FCA-47C0-4321-AF0A-42B3118B32CA}.Release|Any CPU.ActiveCfg = Release|Any CPU
		{AF954FCA-47C0-4321-AF0A-42B3118B32CA}.Release|Any CPU.Build.0 = Release|Any CPU
		{2B8A799B-3E79-456A-B551-8149A79D5E7D}.Debug|Any CPU.ActiveCfg = Debug|Any CPU
		{2B8A799B-3E79-456A-B551-8149A79D5E7D}.Debug|Any CPU.Build.0 = Debug|Any CPU
		{2B8A799B-3E79-456A-B551-8149A79D5E7D}.Release|Any CPU.ActiveCfg = Release|Any CPU
		{2B8A799B-3E79-456A-B551-8149A79D5E7D}.Release|Any CPU.Build.0 = Release|Any CPU
		{8777E16A-5E74-4E49-9802-82E18A9C033E}.Debug|Any CPU.ActiveCfg = Debug|Any CPU
		{8777E16A-5E74-4E49-9802-82E18A9C033E}.Debug|Any CPU.Build.0 = Debug|Any CPU
		{8777E16A-5E74-4E49-9802-82E18A9C033E}.Release|Any CPU.ActiveCfg = Release|Any CPU
		{8777E16A-5E74-4E49-9802-82E18A9C033E}.Release|Any CPU.Build.0 = Release|Any CPU
		{7F862875-0144-4608-850C-66EFC57E8DA3}.Debug|Any CPU.ActiveCfg = Debug|Any CPU
		{7F862875-0144-4608-850C-66EFC57E8DA3}.Debug|Any CPU.Build.0 = Debug|Any CPU
		{7F862875-0144-4608-850C-66EFC57E8DA3}.Release|Any CPU.ActiveCfg = Release|Any CPU
		{7F862875-0144-4608-850C-66EFC57E8DA3}.Release|Any CPU.Build.0 = Release|Any CPU
		{0212BB64-99BB-44BC-BF7C-678963656D12}.Debug|Any CPU.ActiveCfg = Debug|Any CPU
		{0212BB64-99BB-44BC-BF7C-678963656D12}.Debug|Any CPU.Build.0 = Debug|Any CPU
		{0212BB64-99BB-44BC-BF7C-678963656D12}.Release|Any CPU.ActiveCfg = Release|Any CPU
		{0212BB64-99BB-44BC-BF7C-678963656D12}.Release|Any CPU.Build.0 = Release|Any CPU
		{9E62A8FD-CD90-4B4C-865A-A950DADF8761}.Debug|Any CPU.ActiveCfg = Debug|Any CPU
		{9E62A8FD-CD90-4B4C-865A-A950DADF8761}.Debug|Any CPU.Build.0 = Debug|Any CPU
		{9E62A8FD-CD90-4B4C-865A-A950DADF8761}.Release|Any CPU.ActiveCfg = Release|Any CPU
		{9E62A8FD-CD90-4B4C-865A-A950DADF8761}.Release|Any CPU.Build.0 = Release|Any CPU
		{9D8866BD-C79F-4C45-B1DA-F82DAC7A31DB}.Debug|Any CPU.ActiveCfg = Debug|Any CPU
		{9D8866BD-C79F-4C45-B1DA-F82DAC7A31DB}.Debug|Any CPU.Build.0 = Debug|Any CPU
		{9D8866BD-C79F-4C45-B1DA-F82DAC7A31DB}.Release|Any CPU.ActiveCfg = Release|Any CPU
		{9D8866BD-C79F-4C45-B1DA-F82DAC7A31DB}.Release|Any CPU.Build.0 = Release|Any CPU
		{F415070B-A883-4170-92C8-C00A0F9AC46F}.Debug|Any CPU.ActiveCfg = Debug|Any CPU
		{F415070B-A883-4170-92C8-C00A0F9AC46F}.Debug|Any CPU.Build.0 = Debug|Any CPU
		{F415070B-A883-4170-92C8-C00A0F9AC46F}.Release|Any CPU.ActiveCfg = Release|Any CPU
		{F415070B-A883-4170-92C8-C00A0F9AC46F}.Release|Any CPU.Build.0 = Release|Any CPU
		{C8717666-D05F-4515-92AE-9553B8E07C89}.Debug|Any CPU.ActiveCfg = Debug|Any CPU
		{C8717666-D05F-4515-92AE-9553B8E07C89}.Debug|Any CPU.Build.0 = Debug|Any CPU
		{C8717666-D05F-4515-92AE-9553B8E07C89}.Release|Any CPU.ActiveCfg = Release|Any CPU
		{C8717666-D05F-4515-92AE-9553B8E07C89}.Release|Any CPU.Build.0 = Release|Any CPU
		{B6FDE210-4AA0-49CF-AADC-3E16DCE51C91}.Debug|Any CPU.ActiveCfg = Debug|Any CPU
		{B6FDE210-4AA0-49CF-AADC-3E16DCE51C91}.Debug|Any CPU.Build.0 = Debug|Any CPU
		{B6FDE210-4AA0-49CF-AADC-3E16DCE51C91}.Release|Any CPU.ActiveCfg = Release|Any CPU
		{B6FDE210-4AA0-49CF-AADC-3E16DCE51C91}.Release|Any CPU.Build.0 = Release|Any CPU
		{A776AFB7-D677-4110-9F9B-B354079D732A}.Debug|Any CPU.ActiveCfg = Debug|Any CPU
		{A776AFB7-D677-4110-9F9B-B354079D732A}.Debug|Any CPU.Build.0 = Debug|Any CPU
		{A776AFB7-D677-4110-9F9B-B354079D732A}.Release|Any CPU.ActiveCfg = Release|Any CPU
		{A776AFB7-D677-4110-9F9B-B354079D732A}.Release|Any CPU.Build.0 = Release|Any CPU
	EndGlobalSection
	GlobalSection(SolutionProperties) = preSolution
		HideSolutionNode = FALSE
	EndGlobalSection
	GlobalSection(NestedProjects) = preSolution
		{5C0F947B-D824-404F-96B0-B4316F69AE2F} = {E31D4478-3E8D-440B-A89F-6F4D6CF5FAE8}
		{C3DD16EE-D4DD-4F3F-8EFE-28CE935CFD84} = {2891742F-31EF-40F9-AE4D-0DFB0E3C6A9F}
		{AF954FCA-47C0-4321-AF0A-42B3118B32CA} = {E31D4478-3E8D-440B-A89F-6F4D6CF5FAE8}
		{2B8A799B-3E79-456A-B551-8149A79D5E7D} = {B4F13F85-05BF-4964-9ED1-671F9B3A44BF}
		{8777E16A-5E74-4E49-9802-82E18A9C033E} = {CF15D4E3-579F-4444-A0C9-A31DD170BF7E}
		{7F862875-0144-4608-850C-66EFC57E8DA3} = {CF15D4E3-579F-4444-A0C9-A31DD170BF7E}
		{0212BB64-99BB-44BC-BF7C-678963656D12} = {CF15D4E3-579F-4444-A0C9-A31DD170BF7E}
		{9E62A8FD-CD90-4B4C-865A-A950DADF8761} = {CF15D4E3-579F-4444-A0C9-A31DD170BF7E}
		{9D8866BD-C79F-4C45-B1DA-F82DAC7A31DB} = {CF15D4E3-579F-4444-A0C9-A31DD170BF7E}
		{F415070B-A883-4170-92C8-C00A0F9AC46F} = {2891742F-31EF-40F9-AE4D-0DFB0E3C6A9F}
		{C8717666-D05F-4515-92AE-9553B8E07C89} = {2891742F-31EF-40F9-AE4D-0DFB0E3C6A9F}
		{B6FDE210-4AA0-49CF-AADC-3E16DCE51C91} = {2891742F-31EF-40F9-AE4D-0DFB0E3C6A9F}
		{A776AFB7-D677-4110-9F9B-B354079D732A} = {2891742F-31EF-40F9-AE4D-0DFB0E3C6A9F}
	EndGlobalSection
	GlobalSection(ExtensibilityGlobals) = postSolution
		SolutionGuid = {2264A530-681D-4EF5-8764-A01063B2FCF3}
	EndGlobalSection
EndGlobal
